
Microsoft Visual Studio Solution File, Format Version 12.00
# Visual Studio Version 17
VisualStudioVersion = 17.1.31903.286
MinimumVisualStudioVersion = 10.0.40219.1
Project("{2150E333-8FDC-42A3-9474-1A3956D46DE8}") = "src", "src", "{D4B36DAD-8068-4D23-AAD9-1F8FB441091B}"
EndProject
Project("{9A19103F-16F7-4668-BE54-9A1E7A4F7556}") = "Nucleus.Core", "src\Nucleus.Core\Nucleus.Core.csproj", "{E5ED7EEE-CBF3-41B8-AE22-27FB647AA8C7}"
EndProject
Project("{2150E333-8FDC-42A3-9474-1A3956D46DE8}") = "Ddd", "Ddd", "{AB88A455-40D3-4EC4-A163-DDA19927E10E}"
EndProject
Project("{9A19103F-16F7-4668-BE54-9A1E7A4F7556}") = "Nucleus.Ddd.Domain", "src\Nucleus.Ddd.Domain\Nucleus.Ddd.Domain.csproj", "{98CE15A8-9240-458B-8C67-18E10C932252}"
EndProject
Project("{9A19103F-16F7-4668-BE54-9A1E7A4F7556}") = "Nucleus.Data", "src\Nucleus.Data\Nucleus.Data.csproj", "{0B2D5DD1-F0DF-4F83-86E8-DFA62ACDC742}"
EndProject
Project("{2150E333-8FDC-42A3-9474-1A3956D46DE8}") = "Eventing", "Eventing", "{33CF94E1-1652-4DDE-876B-2CD43568185B}"
EndProject
Project("{9A19103F-16F7-4668-BE54-9A1E7A4F7556}") = "Nucleus.EventBus", "src\Nucleus.EventBus\Nucleus.EventBus.csproj", "{249E849D-B665-4F5D-B87D-A112A2584963}"
EndProject
Project("{9A19103F-16F7-4668-BE54-9A1E7A4F7556}") = "Nucleus.Guids", "src\Nucleus.Guids\Nucleus.Guids.csproj", "{93857438-20FE-447F-A1D5-180C5A659612}"
EndProject
Project("{9A19103F-16F7-4668-BE54-9A1E7A4F7556}") = "Nucleus.MultiTenancy", "src\Nucleus.MultiTenancy\Nucleus.MultiTenancy.csproj", "{8EE9361B-6BBD-4B93-AD75-894948712F74}"
EndProject
Project("{9A19103F-16F7-4668-BE54-9A1E7A4F7556}") = "Nucleus.Threading", "src\Nucleus.Threading\Nucleus.Threading.csproj", "{A630274A-779B-460B-8A39-2802DCE1C92C}"
EndProject
Project("{9A19103F-16F7-4668-BE54-9A1E7A4F7556}") = "Nucleus.Timing", "src\Nucleus.Timing\Nucleus.Timing.csproj", "{19C8D23D-F18D-4009-84FC-C6D38B3B9054}"
EndProject
Project("{9A19103F-16F7-4668-BE54-9A1E7A4F7556}") = "Nucleus.Uow", "src\Nucleus.Uow\Nucleus.Uow.csproj", "{C1CA7362-0574-467D-94DA-81AE257DF77E}"
EndProject
Project("{9A19103F-16F7-4668-BE54-9A1E7A4F7556}") = "Nucleus.ObjectExtending", "src\Nucleus.ObjectExtending\Nucleus.ObjectExtending.csproj", "{06C69F85-04A0-40A4-9C9B-3C691D4F326D}"
EndProject
Project("{9A19103F-16F7-4668-BE54-9A1E7A4F7556}") = "Nucleus.ObjectMapping", "src\Nucleus.ObjectMapping\Nucleus.ObjectMapping.csproj", "{31E64938-8940-4425-8BE8-3BB1F22505C4}"
EndProject
Project("{9A19103F-16F7-4668-BE54-9A1E7A4F7556}") = "Nucleus.ExceptionHandling", "src\Nucleus.ExceptionHandling\Nucleus.ExceptionHandling.csproj", "{6E0535C6-B310-4AA0-813D-53E28E547E7D}"
EndProject
Project("{2150E333-8FDC-42A3-9474-1A3956D46DE8}") = "Localization", "Localization", "{5427B811-6E7E-4BA3-8369-B7FDA3A8EED1}"
EndProject
Project("{9A19103F-16F7-4668-BE54-9A1E7A4F7556}") = "Nucleus.Localization", "src\Nucleus.Localization\Nucleus.Localization.csproj", "{D21999AD-97A4-4CD0-B72C-3632A05A3E08}"
EndProject
Project("{9A19103F-16F7-4668-BE54-9A1E7A4F7556}") = "Nucleus.Localization.Abstractions", "src\Nucleus.Localization.Abstractions\Nucleus.Localization.Abstractions.csproj", "{70FEFBBB-EFA0-436E-B1C8-FCD8C4706FD2}"
EndProject
Project("{9A19103F-16F7-4668-BE54-9A1E7A4F7556}") = "Nucleus.Specifications", "src\Nucleus.Specifications\Nucleus.Specifications.csproj", "{DBD921CA-4582-4E15-B685-75E3DE1B30D3}"
EndProject
Project("{9A19103F-16F7-4668-BE54-9A1E7A4F7556}") = "Nucleus.Auditing", "src\Nucleus.Auditing\Nucleus.Auditing.csproj", "{923BAC76-A358-4F1B-A260-D9A1DC39361F}"
EndProject
Project("{2150E333-8FDC-42A3-9474-1A3956D46DE8}") = "Auditing", "Auditing", "{DDD2DE16-3135-4350-A76A-422CAF366084}"
EndProject
Project("{9A19103F-16F7-4668-BE54-9A1E7A4F7556}") = "Nucleus.Auditing.Contracts", "src\Nucleus.Auditing.Contracts\Nucleus.Auditing.Contracts.csproj", "{461CC69B-F7E7-4DE4-B46C-CE984E7531DC}"
EndProject
Project("{9A19103F-16F7-4668-BE54-9A1E7A4F7556}") = "Nucleus.VirtualFileSystem", "src\Nucleus.VirtualFileSystem\Nucleus.VirtualFileSystem.csproj", "{4FABF4EC-76BB-4AE5-8B8C-D5DE066DF919}"
EndProject
Project("{9A19103F-16F7-4668-BE54-9A1E7A4F7556}") = "Nucleus.Settings", "src\Nucleus.Settings\Nucleus.Settings.csproj", "{A3E7167F-52F4-412B-B52C-B9B790749140}"
EndProject
Project("{9A19103F-16F7-4668-BE54-9A1E7A4F7556}") = "Nucleus.Security", "src\Nucleus.Security\Nucleus.Security.csproj", "{0232DF00-385E-4168-BF07-B59881D8B5AE}"
EndProject
Project("{9A19103F-16F7-4668-BE54-9A1E7A4F7556}") = "Nucleus.EventBus.Abstractions", "src\Nucleus.EventBus.Abstractions\Nucleus.EventBus.Abstractions.csproj", "{E24656AF-E976-41F6-B367-8C3F22C11343}"
EndProject
Project("{2150E333-8FDC-42A3-9474-1A3956D46DE8}") = "Validation", "Validation", "{3E2FA816-8ED9-44A1-B452-7705F4796898}"
EndProject
Project("{9A19103F-16F7-4668-BE54-9A1E7A4F7556}") = "Nucleus.Validation", "src\Nucleus.Validation\Nucleus.Validation.csproj", "{3ADA6015-AA69-4E1F-A250-A9603F08AAF8}"
EndProject
Project("{9A19103F-16F7-4668-BE54-9A1E7A4F7556}") = "Nucleus.Validation.Abstractions", "src\Nucleus.Validation.Abstractions\Nucleus.Validation.Abstractions.csproj", "{59CFA29B-E730-4383-B4B4-BD0796B35226}"
EndProject
Project("{9A19103F-16F7-4668-BE54-9A1E7A4F7556}") = "Nucleus.Json", "src\Nucleus.Json\Nucleus.Json.csproj", "{5A5BEC87-189C-4214-862F-CC1C64145CEE}"
EndProject
Project("{2150E333-8FDC-42A3-9474-1A3956D46DE8}") = "DistributedLocking", "DistributedLocking", "{FB4CC3F6-9628-473C-9A2A-C554D60224D4}"
EndProject
Project("{9A19103F-16F7-4668-BE54-9A1E7A4F7556}") = "Nucleus.DistributedLocking", "src\Nucleus.DistributedLocking\Nucleus.DistributedLocking.csproj", "{C20C77F7-43E6-4424-95E5-15E4064F978B}"
EndProject
Project("{9A19103F-16F7-4668-BE54-9A1E7A4F7556}") = "Nucleus.DistributedLocking.Abstractions", "src\Nucleus.DistributedLocking.Abstractions\Nucleus.DistributedLocking.Abstractions.csproj", "{F051F10A-B318-4B44-8720-60DF409E3582}"
EndProject
Project("{2150E333-8FDC-42A3-9474-1A3956D46DE8}") = "BackgroundWorkers", "BackgroundWorkers", "{292326D5-C015-4BB6-9527-7551334E8C0E}"
EndProject
Project("{9A19103F-16F7-4668-BE54-9A1E7A4F7556}") = "Nucleus.BackgroundWorkers", "src\Nucleus.BackgroundWorkers\Nucleus.BackgroundWorkers.csproj", "{59F8B7BE-F9BC-44E3-82AB-1DFC734100CE}"
EndProject
Project("{2150E333-8FDC-42A3-9474-1A3956D46DE8}") = "AspNetCore", "AspNetCore", "{44DA395D-BA4F-4FF0-8124-675A023E4D89}"
EndProject
Project("{9A19103F-16F7-4668-BE54-9A1E7A4F7556}") = "Nucleus.AspNetCore", "src\Nucleus.AspNetCore\Nucleus.AspNetCore.csproj", "{5FC66ACA-CCB0-41A2-AB24-BC6E61AA1EF6}"
EndProject
Project("{9A19103F-16F7-4668-BE54-9A1E7A4F7556}") = "Nucleus.Http", "src\Nucleus.Http\Nucleus.Http.csproj", "{DD499DF2-E69A-4D9B-9DA1-A271FEECA13F}"
EndProject
Project("{2150E333-8FDC-42A3-9474-1A3956D46DE8}") = "Http", "Http", "{B1A3FDB5-5974-448D-BA39-A588E9040279}"
EndProject
Project("{9A19103F-16F7-4668-BE54-9A1E7A4F7556}") = "Nucleus.Minify", "src\Nucleus.Minify\Nucleus.Minify.csproj", "{4C780C87-BA85-4C28-9417-981053918F30}"
EndProject
Project("{9A19103F-16F7-4668-BE54-9A1E7A4F7556}") = "Nucleus.Http.Abstractions", "src\Nucleus.Http.Abstractions\Nucleus.Http.Abstractions.csproj", "{C451A679-4908-4795-8813-97738AC0AB79}"
EndProject
Project("{2150E333-8FDC-42A3-9474-1A3956D46DE8}") = "Authorization", "Authorization", "{AA0FC595-6432-47A5-B65E-E6E0361F6E8C}"
EndProject
Project("{9A19103F-16F7-4668-BE54-9A1E7A4F7556}") = "Nucleus.Authorization", "src\Nucleus.Authorization\Nucleus.Authorization.csproj", "{BAF7185D-7BD5-4028-B362-45EC53CA189F}"
EndProject
Project("{9A19103F-16F7-4668-BE54-9A1E7A4F7556}") = "Nucleus.Authorization.Abstractions", "src\Nucleus.Authorization.Abstractions\Nucleus.Authorization.Abstractions.csproj", "{1E397978-850C-4388-84D1-4DB2060513CA}"
EndProject
Project("{9A19103F-16F7-4668-BE54-9A1E7A4F7556}") = "Nucleus.AspNetCore.Authentication.JwtBearer", "src\Nucleus.AspNetCore.Authentication.JwtBearer\Nucleus.AspNetCore.Authentication.JwtBearer.csproj", "{5737776E-1FD6-44C2-B2DA-27D8AA3BD5AD}"
EndProject
Project("{2150E333-8FDC-42A3-9474-1A3956D46DE8}") = "Authentication", "Authentication", "{366BB5AC-3B0C-4A70-A4EC-51AF0BB08CA9}"
EndProject
Project("{9A19103F-16F7-4668-BE54-9A1E7A4F7556}") = "Nucleus.AspNetCore.Authentication.OAuth", "src\Nucleus.AspNetCore.Authentication.OAuth\Nucleus.AspNetCore.Authentication.OAuth.csproj", "{5883028E-72E1-4A4E-92E8-053FF7DAB9E7}"
EndProject
Project("{9A19103F-16F7-4668-BE54-9A1E7A4F7556}") = "Nucleus.AspNetCore.Authentication.OpenIdConnect", "src\Nucleus.AspNetCore.Authentication.OpenIdConnect\Nucleus.AspNetCore.Authentication.OpenIdConnect.csproj", "{F2E495AA-842B-45C6-AF9B-E25FB40E7344}"
EndProject
Project("{9A19103F-16F7-4668-BE54-9A1E7A4F7556}") = "Nucleus.AspNetCore.MultiTenancy", "src\Nucleus.AspNetCore.MultiTenancy\Nucleus.AspNetCore.MultiTenancy.csproj", "{112CC6E2-DE04-4BC9-ADD2-DA8A81BD8046}"
EndProject
Project("{9A19103F-16F7-4668-BE54-9A1E7A4F7556}") = "Nucleus.AspNetCore.Mvc", "src\Nucleus.AspNetCore.Mvc\Nucleus.AspNetCore.Mvc.csproj", "{52990786-DBB9-4AE0-AF99-F29D9390F961}"
EndProject
Project("{9A19103F-16F7-4668-BE54-9A1E7A4F7556}") = "Nucleus.Ddd.Application", "src\Nucleus.Ddd.Application\Nucleus.Ddd.Application.csproj", "{7056078E-D66E-4F13-8D7E-1C9CA0B20C0F}"
EndProject
Project("{9A19103F-16F7-4668-BE54-9A1E7A4F7556}") = "Nucleus.Features", "src\Nucleus.Features\Nucleus.Features.csproj", "{72A528B1-568D-4B24-8DD2-8C4B1F291497}"
EndProject
Project("{2150E333-8FDC-42A3-9474-1A3956D46DE8}") = "Mvc", "Mvc", "{A7FA322C-E53C-47E8-B6EA-BD5EA3869BED}"
EndProject
Project("{9A19103F-16F7-4668-BE54-9A1E7A4F7556}") = "Nucleus.AspNetCore.Mvc.Client.Common", "src\Nucleus.AspNetCore.Mvc.Client.Common\Nucleus.AspNetCore.Mvc.Client.Common.csproj", "{26973712-D673-45EB-86A9-E3B3C1757387}"
EndProject
Project("{9A19103F-16F7-4668-BE54-9A1E7A4F7556}") = "Nucleus.AspNetCore.Mvc.Client", "src\Nucleus.AspNetCore.Mvc.Client\Nucleus.AspNetCore.Mvc.Client.csproj", "{82B23741-8529-47AA-9810-9DBFFC86123F}"
EndProject
Project("{2150E333-8FDC-42A3-9474-1A3956D46DE8}") = "Client", "Client", "{65D565D7-E7CE-4351-A17E-CCD87E28DE61}"
EndProject
Project("{9A19103F-16F7-4668-BE54-9A1E7A4F7556}") = "Nucleus.AspNetCore.Mvc.Contracts", "src\Nucleus.AspNetCore.Mvc.Contracts\Nucleus.AspNetCore.Mvc.Contracts.csproj", "{2ADF8A4D-127F-4B50-A52D-BC7A82224D67}"
EndProject
Project("{9A19103F-16F7-4668-BE54-9A1E7A4F7556}") = "Nucleus.GlobalFeatures", "src\Nucleus.GlobalFeatures\Nucleus.GlobalFeatures.csproj", "{9D0B000C-99A9-425B-A353-714F3AD890E7}"
EndProject
Project("{9A19103F-16F7-4668-BE54-9A1E7A4F7556}") = "Nucleus.Ddd.Application.Contracts", "src\Nucleus.Ddd.Application.Contracts\Nucleus.Ddd.Application.Contracts.csproj", "{E1E35324-8313-4BDB-AE49-DCF376D28460}"
EndProject
Project("{2150E333-8FDC-42A3-9474-1A3956D46DE8}") = "Caching", "Caching", "{449BD930-0BF5-420A-A6F0-156231384FBE}"
EndProject
Project("{9A19103F-16F7-4668-BE54-9A1E7A4F7556}") = "Nucleus.Caching", "src\Nucleus.Caching\Nucleus.Caching.csproj", "{24D5AB22-3D09-4E7B-9599-6FD53072589D}"
EndProject
Project("{9A19103F-16F7-4668-BE54-9A1E7A4F7556}") = "Nucleus.Http.Client", "src\Nucleus.Http.Client\Nucleus.Http.Client.csproj", "{3C4CDFE2-FED0-4B8F-80C5-D9AE51DC6E4E}"
EndProject
Project("{9A19103F-16F7-4668-BE54-9A1E7A4F7556}") = "Nucleus.Caching.StackExchangeRedis", "src\Nucleus.Caching.StackExchangeRedis\Nucleus.Caching.StackExchangeRedis.csproj", "{DDBC38DB-6B5E-4DE3-8D4E-7AA65C410F23}"
EndProject
Project("{9A19103F-16F7-4668-BE54-9A1E7A4F7556}") = "Nucleus.Serialization", "src\Nucleus.Serialization\Nucleus.Serialization.csproj", "{8B58D768-0929-4FF7-8AFC-B64F9343AE46}"
EndProject
Project("{FAE04EC0-301F-11D3-BF4B-00C04F79EFBC}") = "Nucleus.Castle.Core", "src\Nucleus.Castle.Core\Nucleus.Castle.Core.csproj", "{93844AA7-2954-4886-A72A-3C3C2C381A0A}"
EndProject
Project("{FAE04EC0-301F-11D3-BF4B-00C04F79EFBC}") = "Nucleus.ApiVersioning.Abstractions", "src\Nucleus.ApiVersioning.Abstractions\Nucleus.ApiVersioning.Abstractions.csproj", "{C92EEC24-62CD-47A0-A5C3-CBA1D94DBEF0}"
EndProject
Project("{2150E333-8FDC-42A3-9474-1A3956D46DE8}") = "UI", "UI", "{2F3F59A9-6521-410F-B7EB-3E60A0FBF079}"
EndProject
Project("{FAE04EC0-301F-11D3-BF4B-00C04F79EFBC}") = "Nucleus.UI", "src\Nucleus.UI\Nucleus.UI.csproj", "{D93EEA50-2768-41E7-B077-66DF4CC777FC}"
EndProject
Project("{FAE04EC0-301F-11D3-BF4B-00C04F79EFBC}") = "Nucleus.UI.Navigation", "src\Nucleus.UI.Navigation\Nucleus.UI.Navigation.csproj", "{14F33D85-90CE-47CE-8D6D-18F2F1EF6207}"
EndProject
Global
	GlobalSection(SolutionConfigurationPlatforms) = preSolution
		Debug|Any CPU = Debug|Any CPU
		Release|Any CPU = Release|Any CPU
	EndGlobalSection
	GlobalSection(ProjectConfigurationPlatforms) = postSolution
		{E5ED7EEE-CBF3-41B8-AE22-27FB647AA8C7}.Debug|Any CPU.ActiveCfg = Debug|Any CPU
		{E5ED7EEE-CBF3-41B8-AE22-27FB647AA8C7}.Debug|Any CPU.Build.0 = Debug|Any CPU
		{E5ED7EEE-CBF3-41B8-AE22-27FB647AA8C7}.Release|Any CPU.ActiveCfg = Release|Any CPU
		{E5ED7EEE-CBF3-41B8-AE22-27FB647AA8C7}.Release|Any CPU.Build.0 = Release|Any CPU
		{98CE15A8-9240-458B-8C67-18E10C932252}.Debug|Any CPU.ActiveCfg = Debug|Any CPU
		{98CE15A8-9240-458B-8C67-18E10C932252}.Debug|Any CPU.Build.0 = Debug|Any CPU
		{98CE15A8-9240-458B-8C67-18E10C932252}.Release|Any CPU.ActiveCfg = Release|Any CPU
		{98CE15A8-9240-458B-8C67-18E10C932252}.Release|Any CPU.Build.0 = Release|Any CPU
		{0B2D5DD1-F0DF-4F83-86E8-DFA62ACDC742}.Debug|Any CPU.ActiveCfg = Debug|Any CPU
		{0B2D5DD1-F0DF-4F83-86E8-DFA62ACDC742}.Debug|Any CPU.Build.0 = Debug|Any CPU
		{0B2D5DD1-F0DF-4F83-86E8-DFA62ACDC742}.Release|Any CPU.ActiveCfg = Release|Any CPU
		{0B2D5DD1-F0DF-4F83-86E8-DFA62ACDC742}.Release|Any CPU.Build.0 = Release|Any CPU
		{249E849D-B665-4F5D-B87D-A112A2584963}.Debug|Any CPU.ActiveCfg = Debug|Any CPU
		{249E849D-B665-4F5D-B87D-A112A2584963}.Debug|Any CPU.Build.0 = Debug|Any CPU
		{249E849D-B665-4F5D-B87D-A112A2584963}.Release|Any CPU.ActiveCfg = Release|Any CPU
		{249E849D-B665-4F5D-B87D-A112A2584963}.Release|Any CPU.Build.0 = Release|Any CPU
		{93857438-20FE-447F-A1D5-180C5A659612}.Debug|Any CPU.ActiveCfg = Debug|Any CPU
		{93857438-20FE-447F-A1D5-180C5A659612}.Debug|Any CPU.Build.0 = Debug|Any CPU
		{93857438-20FE-447F-A1D5-180C5A659612}.Release|Any CPU.ActiveCfg = Release|Any CPU
		{93857438-20FE-447F-A1D5-180C5A659612}.Release|Any CPU.Build.0 = Release|Any CPU
		{8EE9361B-6BBD-4B93-AD75-894948712F74}.Debug|Any CPU.ActiveCfg = Debug|Any CPU
		{8EE9361B-6BBD-4B93-AD75-894948712F74}.Debug|Any CPU.Build.0 = Debug|Any CPU
		{8EE9361B-6BBD-4B93-AD75-894948712F74}.Release|Any CPU.ActiveCfg = Release|Any CPU
		{8EE9361B-6BBD-4B93-AD75-894948712F74}.Release|Any CPU.Build.0 = Release|Any CPU
		{A630274A-779B-460B-8A39-2802DCE1C92C}.Debug|Any CPU.ActiveCfg = Debug|Any CPU
		{A630274A-779B-460B-8A39-2802DCE1C92C}.Debug|Any CPU.Build.0 = Debug|Any CPU
		{A630274A-779B-460B-8A39-2802DCE1C92C}.Release|Any CPU.ActiveCfg = Release|Any CPU
		{A630274A-779B-460B-8A39-2802DCE1C92C}.Release|Any CPU.Build.0 = Release|Any CPU
		{19C8D23D-F18D-4009-84FC-C6D38B3B9054}.Debug|Any CPU.ActiveCfg = Debug|Any CPU
		{19C8D23D-F18D-4009-84FC-C6D38B3B9054}.Debug|Any CPU.Build.0 = Debug|Any CPU
		{19C8D23D-F18D-4009-84FC-C6D38B3B9054}.Release|Any CPU.ActiveCfg = Release|Any CPU
		{19C8D23D-F18D-4009-84FC-C6D38B3B9054}.Release|Any CPU.Build.0 = Release|Any CPU
		{C1CA7362-0574-467D-94DA-81AE257DF77E}.Debug|Any CPU.ActiveCfg = Debug|Any CPU
		{C1CA7362-0574-467D-94DA-81AE257DF77E}.Debug|Any CPU.Build.0 = Debug|Any CPU
		{C1CA7362-0574-467D-94DA-81AE257DF77E}.Release|Any CPU.ActiveCfg = Release|Any CPU
		{C1CA7362-0574-467D-94DA-81AE257DF77E}.Release|Any CPU.Build.0 = Release|Any CPU
		{06C69F85-04A0-40A4-9C9B-3C691D4F326D}.Debug|Any CPU.ActiveCfg = Debug|Any CPU
		{06C69F85-04A0-40A4-9C9B-3C691D4F326D}.Debug|Any CPU.Build.0 = Debug|Any CPU
		{06C69F85-04A0-40A4-9C9B-3C691D4F326D}.Release|Any CPU.ActiveCfg = Release|Any CPU
		{06C69F85-04A0-40A4-9C9B-3C691D4F326D}.Release|Any CPU.Build.0 = Release|Any CPU
		{31E64938-8940-4425-8BE8-3BB1F22505C4}.Debug|Any CPU.ActiveCfg = Debug|Any CPU
		{31E64938-8940-4425-8BE8-3BB1F22505C4}.Debug|Any CPU.Build.0 = Debug|Any CPU
		{31E64938-8940-4425-8BE8-3BB1F22505C4}.Release|Any CPU.ActiveCfg = Release|Any CPU
		{31E64938-8940-4425-8BE8-3BB1F22505C4}.Release|Any CPU.Build.0 = Release|Any CPU
		{6E0535C6-B310-4AA0-813D-53E28E547E7D}.Debug|Any CPU.ActiveCfg = Debug|Any CPU
		{6E0535C6-B310-4AA0-813D-53E28E547E7D}.Debug|Any CPU.Build.0 = Debug|Any CPU
		{6E0535C6-B310-4AA0-813D-53E28E547E7D}.Release|Any CPU.ActiveCfg = Release|Any CPU
		{6E0535C6-B310-4AA0-813D-53E28E547E7D}.Release|Any CPU.Build.0 = Release|Any CPU
		{D21999AD-97A4-4CD0-B72C-3632A05A3E08}.Debug|Any CPU.ActiveCfg = Debug|Any CPU
		{D21999AD-97A4-4CD0-B72C-3632A05A3E08}.Debug|Any CPU.Build.0 = Debug|Any CPU
		{D21999AD-97A4-4CD0-B72C-3632A05A3E08}.Release|Any CPU.ActiveCfg = Release|Any CPU
		{D21999AD-97A4-4CD0-B72C-3632A05A3E08}.Release|Any CPU.Build.0 = Release|Any CPU
		{70FEFBBB-EFA0-436E-B1C8-FCD8C4706FD2}.Debug|Any CPU.ActiveCfg = Debug|Any CPU
		{70FEFBBB-EFA0-436E-B1C8-FCD8C4706FD2}.Debug|Any CPU.Build.0 = Debug|Any CPU
		{70FEFBBB-EFA0-436E-B1C8-FCD8C4706FD2}.Release|Any CPU.ActiveCfg = Release|Any CPU
		{70FEFBBB-EFA0-436E-B1C8-FCD8C4706FD2}.Release|Any CPU.Build.0 = Release|Any CPU
		{DBD921CA-4582-4E15-B685-75E3DE1B30D3}.Debug|Any CPU.ActiveCfg = Debug|Any CPU
		{DBD921CA-4582-4E15-B685-75E3DE1B30D3}.Debug|Any CPU.Build.0 = Debug|Any CPU
		{DBD921CA-4582-4E15-B685-75E3DE1B30D3}.Release|Any CPU.ActiveCfg = Release|Any CPU
		{DBD921CA-4582-4E15-B685-75E3DE1B30D3}.Release|Any CPU.Build.0 = Release|Any CPU
		{923BAC76-A358-4F1B-A260-D9A1DC39361F}.Debug|Any CPU.ActiveCfg = Debug|Any CPU
		{923BAC76-A358-4F1B-A260-D9A1DC39361F}.Debug|Any CPU.Build.0 = Debug|Any CPU
		{923BAC76-A358-4F1B-A260-D9A1DC39361F}.Release|Any CPU.ActiveCfg = Release|Any CPU
		{923BAC76-A358-4F1B-A260-D9A1DC39361F}.Release|Any CPU.Build.0 = Release|Any CPU
		{461CC69B-F7E7-4DE4-B46C-CE984E7531DC}.Debug|Any CPU.ActiveCfg = Debug|Any CPU
		{461CC69B-F7E7-4DE4-B46C-CE984E7531DC}.Debug|Any CPU.Build.0 = Debug|Any CPU
		{461CC69B-F7E7-4DE4-B46C-CE984E7531DC}.Release|Any CPU.ActiveCfg = Release|Any CPU
		{461CC69B-F7E7-4DE4-B46C-CE984E7531DC}.Release|Any CPU.Build.0 = Release|Any CPU
		{4FABF4EC-76BB-4AE5-8B8C-D5DE066DF919}.Debug|Any CPU.ActiveCfg = Debug|Any CPU
		{4FABF4EC-76BB-4AE5-8B8C-D5DE066DF919}.Debug|Any CPU.Build.0 = Debug|Any CPU
		{4FABF4EC-76BB-4AE5-8B8C-D5DE066DF919}.Release|Any CPU.ActiveCfg = Release|Any CPU
		{4FABF4EC-76BB-4AE5-8B8C-D5DE066DF919}.Release|Any CPU.Build.0 = Release|Any CPU
		{A3E7167F-52F4-412B-B52C-B9B790749140}.Debug|Any CPU.ActiveCfg = Debug|Any CPU
		{A3E7167F-52F4-412B-B52C-B9B790749140}.Debug|Any CPU.Build.0 = Debug|Any CPU
		{A3E7167F-52F4-412B-B52C-B9B790749140}.Release|Any CPU.ActiveCfg = Release|Any CPU
		{A3E7167F-52F4-412B-B52C-B9B790749140}.Release|Any CPU.Build.0 = Release|Any CPU
		{0232DF00-385E-4168-BF07-B59881D8B5AE}.Debug|Any CPU.ActiveCfg = Debug|Any CPU
		{0232DF00-385E-4168-BF07-B59881D8B5AE}.Debug|Any CPU.Build.0 = Debug|Any CPU
		{0232DF00-385E-4168-BF07-B59881D8B5AE}.Release|Any CPU.ActiveCfg = Release|Any CPU
		{0232DF00-385E-4168-BF07-B59881D8B5AE}.Release|Any CPU.Build.0 = Release|Any CPU
		{E24656AF-E976-41F6-B367-8C3F22C11343}.Debug|Any CPU.ActiveCfg = Debug|Any CPU
		{E24656AF-E976-41F6-B367-8C3F22C11343}.Debug|Any CPU.Build.0 = Debug|Any CPU
		{E24656AF-E976-41F6-B367-8C3F22C11343}.Release|Any CPU.ActiveCfg = Release|Any CPU
		{E24656AF-E976-41F6-B367-8C3F22C11343}.Release|Any CPU.Build.0 = Release|Any CPU
		{3ADA6015-AA69-4E1F-A250-A9603F08AAF8}.Debug|Any CPU.ActiveCfg = Debug|Any CPU
		{3ADA6015-AA69-4E1F-A250-A9603F08AAF8}.Debug|Any CPU.Build.0 = Debug|Any CPU
		{3ADA6015-AA69-4E1F-A250-A9603F08AAF8}.Release|Any CPU.ActiveCfg = Release|Any CPU
		{3ADA6015-AA69-4E1F-A250-A9603F08AAF8}.Release|Any CPU.Build.0 = Release|Any CPU
		{59CFA29B-E730-4383-B4B4-BD0796B35226}.Debug|Any CPU.ActiveCfg = Debug|Any CPU
		{59CFA29B-E730-4383-B4B4-BD0796B35226}.Debug|Any CPU.Build.0 = Debug|Any CPU
		{59CFA29B-E730-4383-B4B4-BD0796B35226}.Release|Any CPU.ActiveCfg = Release|Any CPU
		{59CFA29B-E730-4383-B4B4-BD0796B35226}.Release|Any CPU.Build.0 = Release|Any CPU
		{5A5BEC87-189C-4214-862F-CC1C64145CEE}.Debug|Any CPU.ActiveCfg = Debug|Any CPU
		{5A5BEC87-189C-4214-862F-CC1C64145CEE}.Debug|Any CPU.Build.0 = Debug|Any CPU
		{5A5BEC87-189C-4214-862F-CC1C64145CEE}.Release|Any CPU.ActiveCfg = Release|Any CPU
		{5A5BEC87-189C-4214-862F-CC1C64145CEE}.Release|Any CPU.Build.0 = Release|Any CPU
		{C20C77F7-43E6-4424-95E5-15E4064F978B}.Debug|Any CPU.ActiveCfg = Debug|Any CPU
		{C20C77F7-43E6-4424-95E5-15E4064F978B}.Debug|Any CPU.Build.0 = Debug|Any CPU
		{C20C77F7-43E6-4424-95E5-15E4064F978B}.Release|Any CPU.ActiveCfg = Release|Any CPU
		{C20C77F7-43E6-4424-95E5-15E4064F978B}.Release|Any CPU.Build.0 = Release|Any CPU
		{F051F10A-B318-4B44-8720-60DF409E3582}.Debug|Any CPU.ActiveCfg = Debug|Any CPU
		{F051F10A-B318-4B44-8720-60DF409E3582}.Debug|Any CPU.Build.0 = Debug|Any CPU
		{F051F10A-B318-4B44-8720-60DF409E3582}.Release|Any CPU.ActiveCfg = Release|Any CPU
		{F051F10A-B318-4B44-8720-60DF409E3582}.Release|Any CPU.Build.0 = Release|Any CPU
		{59F8B7BE-F9BC-44E3-82AB-1DFC734100CE}.Debug|Any CPU.ActiveCfg = Debug|Any CPU
		{59F8B7BE-F9BC-44E3-82AB-1DFC734100CE}.Debug|Any CPU.Build.0 = Debug|Any CPU
		{59F8B7BE-F9BC-44E3-82AB-1DFC734100CE}.Release|Any CPU.ActiveCfg = Release|Any CPU
		{59F8B7BE-F9BC-44E3-82AB-1DFC734100CE}.Release|Any CPU.Build.0 = Release|Any CPU
		{5FC66ACA-CCB0-41A2-AB24-BC6E61AA1EF6}.Debug|Any CPU.ActiveCfg = Debug|Any CPU
		{5FC66ACA-CCB0-41A2-AB24-BC6E61AA1EF6}.Debug|Any CPU.Build.0 = Debug|Any CPU
		{5FC66ACA-CCB0-41A2-AB24-BC6E61AA1EF6}.Release|Any CPU.ActiveCfg = Release|Any CPU
		{5FC66ACA-CCB0-41A2-AB24-BC6E61AA1EF6}.Release|Any CPU.Build.0 = Release|Any CPU
		{DD499DF2-E69A-4D9B-9DA1-A271FEECA13F}.Debug|Any CPU.ActiveCfg = Debug|Any CPU
		{DD499DF2-E69A-4D9B-9DA1-A271FEECA13F}.Debug|Any CPU.Build.0 = Debug|Any CPU
		{DD499DF2-E69A-4D9B-9DA1-A271FEECA13F}.Release|Any CPU.ActiveCfg = Release|Any CPU
		{DD499DF2-E69A-4D9B-9DA1-A271FEECA13F}.Release|Any CPU.Build.0 = Release|Any CPU
		{4C780C87-BA85-4C28-9417-981053918F30}.Debug|Any CPU.ActiveCfg = Debug|Any CPU
		{4C780C87-BA85-4C28-9417-981053918F30}.Debug|Any CPU.Build.0 = Debug|Any CPU
		{4C780C87-BA85-4C28-9417-981053918F30}.Release|Any CPU.ActiveCfg = Release|Any CPU
		{4C780C87-BA85-4C28-9417-981053918F30}.Release|Any CPU.Build.0 = Release|Any CPU
		{C451A679-4908-4795-8813-97738AC0AB79}.Debug|Any CPU.ActiveCfg = Debug|Any CPU
		{C451A679-4908-4795-8813-97738AC0AB79}.Debug|Any CPU.Build.0 = Debug|Any CPU
		{C451A679-4908-4795-8813-97738AC0AB79}.Release|Any CPU.ActiveCfg = Release|Any CPU
		{C451A679-4908-4795-8813-97738AC0AB79}.Release|Any CPU.Build.0 = Release|Any CPU
		{BAF7185D-7BD5-4028-B362-45EC53CA189F}.Debug|Any CPU.ActiveCfg = Debug|Any CPU
		{BAF7185D-7BD5-4028-B362-45EC53CA189F}.Debug|Any CPU.Build.0 = Debug|Any CPU
		{BAF7185D-7BD5-4028-B362-45EC53CA189F}.Release|Any CPU.ActiveCfg = Release|Any CPU
		{BAF7185D-7BD5-4028-B362-45EC53CA189F}.Release|Any CPU.Build.0 = Release|Any CPU
		{1E397978-850C-4388-84D1-4DB2060513CA}.Debug|Any CPU.ActiveCfg = Debug|Any CPU
		{1E397978-850C-4388-84D1-4DB2060513CA}.Debug|Any CPU.Build.0 = Debug|Any CPU
		{1E397978-850C-4388-84D1-4DB2060513CA}.Release|Any CPU.ActiveCfg = Release|Any CPU
		{1E397978-850C-4388-84D1-4DB2060513CA}.Release|Any CPU.Build.0 = Release|Any CPU
		{5737776E-1FD6-44C2-B2DA-27D8AA3BD5AD}.Debug|Any CPU.ActiveCfg = Debug|Any CPU
		{5737776E-1FD6-44C2-B2DA-27D8AA3BD5AD}.Debug|Any CPU.Build.0 = Debug|Any CPU
		{5737776E-1FD6-44C2-B2DA-27D8AA3BD5AD}.Release|Any CPU.ActiveCfg = Release|Any CPU
		{5737776E-1FD6-44C2-B2DA-27D8AA3BD5AD}.Release|Any CPU.Build.0 = Release|Any CPU
		{5883028E-72E1-4A4E-92E8-053FF7DAB9E7}.Debug|Any CPU.ActiveCfg = Debug|Any CPU
		{5883028E-72E1-4A4E-92E8-053FF7DAB9E7}.Debug|Any CPU.Build.0 = Debug|Any CPU
		{5883028E-72E1-4A4E-92E8-053FF7DAB9E7}.Release|Any CPU.ActiveCfg = Release|Any CPU
		{5883028E-72E1-4A4E-92E8-053FF7DAB9E7}.Release|Any CPU.Build.0 = Release|Any CPU
		{F2E495AA-842B-45C6-AF9B-E25FB40E7344}.Debug|Any CPU.ActiveCfg = Debug|Any CPU
		{F2E495AA-842B-45C6-AF9B-E25FB40E7344}.Debug|Any CPU.Build.0 = Debug|Any CPU
		{F2E495AA-842B-45C6-AF9B-E25FB40E7344}.Release|Any CPU.ActiveCfg = Release|Any CPU
		{F2E495AA-842B-45C6-AF9B-E25FB40E7344}.Release|Any CPU.Build.0 = Release|Any CPU
		{112CC6E2-DE04-4BC9-ADD2-DA8A81BD8046}.Debug|Any CPU.ActiveCfg = Debug|Any CPU
		{112CC6E2-DE04-4BC9-ADD2-DA8A81BD8046}.Debug|Any CPU.Build.0 = Debug|Any CPU
		{112CC6E2-DE04-4BC9-ADD2-DA8A81BD8046}.Release|Any CPU.ActiveCfg = Release|Any CPU
		{112CC6E2-DE04-4BC9-ADD2-DA8A81BD8046}.Release|Any CPU.Build.0 = Release|Any CPU
		{52990786-DBB9-4AE0-AF99-F29D9390F961}.Debug|Any CPU.ActiveCfg = Debug|Any CPU
		{52990786-DBB9-4AE0-AF99-F29D9390F961}.Debug|Any CPU.Build.0 = Debug|Any CPU
		{52990786-DBB9-4AE0-AF99-F29D9390F961}.Release|Any CPU.ActiveCfg = Release|Any CPU
		{52990786-DBB9-4AE0-AF99-F29D9390F961}.Release|Any CPU.Build.0 = Release|Any CPU
		{7056078E-D66E-4F13-8D7E-1C9CA0B20C0F}.Debug|Any CPU.ActiveCfg = Debug|Any CPU
		{7056078E-D66E-4F13-8D7E-1C9CA0B20C0F}.Debug|Any CPU.Build.0 = Debug|Any CPU
		{7056078E-D66E-4F13-8D7E-1C9CA0B20C0F}.Release|Any CPU.ActiveCfg = Release|Any CPU
		{7056078E-D66E-4F13-8D7E-1C9CA0B20C0F}.Release|Any CPU.Build.0 = Release|Any CPU
		{72A528B1-568D-4B24-8DD2-8C4B1F291497}.Debug|Any CPU.ActiveCfg = Debug|Any CPU
		{72A528B1-568D-4B24-8DD2-8C4B1F291497}.Debug|Any CPU.Build.0 = Debug|Any CPU
		{72A528B1-568D-4B24-8DD2-8C4B1F291497}.Release|Any CPU.ActiveCfg = Release|Any CPU
		{72A528B1-568D-4B24-8DD2-8C4B1F291497}.Release|Any CPU.Build.0 = Release|Any CPU
		{26973712-D673-45EB-86A9-E3B3C1757387}.Debug|Any CPU.ActiveCfg = Debug|Any CPU
		{26973712-D673-45EB-86A9-E3B3C1757387}.Debug|Any CPU.Build.0 = Debug|Any CPU
		{26973712-D673-45EB-86A9-E3B3C1757387}.Release|Any CPU.ActiveCfg = Release|Any CPU
		{26973712-D673-45EB-86A9-E3B3C1757387}.Release|Any CPU.Build.0 = Release|Any CPU
		{82B23741-8529-47AA-9810-9DBFFC86123F}.Debug|Any CPU.ActiveCfg = Debug|Any CPU
		{82B23741-8529-47AA-9810-9DBFFC86123F}.Debug|Any CPU.Build.0 = Debug|Any CPU
		{82B23741-8529-47AA-9810-9DBFFC86123F}.Release|Any CPU.ActiveCfg = Release|Any CPU
		{82B23741-8529-47AA-9810-9DBFFC86123F}.Release|Any CPU.Build.0 = Release|Any CPU
		{2ADF8A4D-127F-4B50-A52D-BC7A82224D67}.Debug|Any CPU.ActiveCfg = Debug|Any CPU
		{2ADF8A4D-127F-4B50-A52D-BC7A82224D67}.Debug|Any CPU.Build.0 = Debug|Any CPU
		{2ADF8A4D-127F-4B50-A52D-BC7A82224D67}.Release|Any CPU.ActiveCfg = Release|Any CPU
		{2ADF8A4D-127F-4B50-A52D-BC7A82224D67}.Release|Any CPU.Build.0 = Release|Any CPU
		{9D0B000C-99A9-425B-A353-714F3AD890E7}.Debug|Any CPU.ActiveCfg = Debug|Any CPU
		{9D0B000C-99A9-425B-A353-714F3AD890E7}.Debug|Any CPU.Build.0 = Debug|Any CPU
		{9D0B000C-99A9-425B-A353-714F3AD890E7}.Release|Any CPU.ActiveCfg = Release|Any CPU
		{9D0B000C-99A9-425B-A353-714F3AD890E7}.Release|Any CPU.Build.0 = Release|Any CPU
		{E1E35324-8313-4BDB-AE49-DCF376D28460}.Debug|Any CPU.ActiveCfg = Debug|Any CPU
		{E1E35324-8313-4BDB-AE49-DCF376D28460}.Debug|Any CPU.Build.0 = Debug|Any CPU
		{E1E35324-8313-4BDB-AE49-DCF376D28460}.Release|Any CPU.ActiveCfg = Release|Any CPU
		{E1E35324-8313-4BDB-AE49-DCF376D28460}.Release|Any CPU.Build.0 = Release|Any CPU
		{24D5AB22-3D09-4E7B-9599-6FD53072589D}.Debug|Any CPU.ActiveCfg = Debug|Any CPU
		{24D5AB22-3D09-4E7B-9599-6FD53072589D}.Debug|Any CPU.Build.0 = Debug|Any CPU
		{24D5AB22-3D09-4E7B-9599-6FD53072589D}.Release|Any CPU.ActiveCfg = Release|Any CPU
		{24D5AB22-3D09-4E7B-9599-6FD53072589D}.Release|Any CPU.Build.0 = Release|Any CPU
		{3C4CDFE2-FED0-4B8F-80C5-D9AE51DC6E4E}.Debug|Any CPU.ActiveCfg = Debug|Any CPU
		{3C4CDFE2-FED0-4B8F-80C5-D9AE51DC6E4E}.Debug|Any CPU.Build.0 = Debug|Any CPU
		{3C4CDFE2-FED0-4B8F-80C5-D9AE51DC6E4E}.Release|Any CPU.ActiveCfg = Release|Any CPU
		{3C4CDFE2-FED0-4B8F-80C5-D9AE51DC6E4E}.Release|Any CPU.Build.0 = Release|Any CPU
		{DDBC38DB-6B5E-4DE3-8D4E-7AA65C410F23}.Debug|Any CPU.ActiveCfg = Debug|Any CPU
		{DDBC38DB-6B5E-4DE3-8D4E-7AA65C410F23}.Debug|Any CPU.Build.0 = Debug|Any CPU
		{DDBC38DB-6B5E-4DE3-8D4E-7AA65C410F23}.Release|Any CPU.ActiveCfg = Release|Any CPU
		{DDBC38DB-6B5E-4DE3-8D4E-7AA65C410F23}.Release|Any CPU.Build.0 = Release|Any CPU
		{8B58D768-0929-4FF7-8AFC-B64F9343AE46}.Debug|Any CPU.ActiveCfg = Debug|Any CPU
		{8B58D768-0929-4FF7-8AFC-B64F9343AE46}.Debug|Any CPU.Build.0 = Debug|Any CPU
		{8B58D768-0929-4FF7-8AFC-B64F9343AE46}.Release|Any CPU.ActiveCfg = Release|Any CPU
		{8B58D768-0929-4FF7-8AFC-B64F9343AE46}.Release|Any CPU.Build.0 = Release|Any CPU
		{93844AA7-2954-4886-A72A-3C3C2C381A0A}.Debug|Any CPU.ActiveCfg = Debug|Any CPU
		{93844AA7-2954-4886-A72A-3C3C2C381A0A}.Debug|Any CPU.Build.0 = Debug|Any CPU
		{93844AA7-2954-4886-A72A-3C3C2C381A0A}.Release|Any CPU.ActiveCfg = Release|Any CPU
		{93844AA7-2954-4886-A72A-3C3C2C381A0A}.Release|Any CPU.Build.0 = Release|Any CPU
		{C92EEC24-62CD-47A0-A5C3-CBA1D94DBEF0}.Debug|Any CPU.ActiveCfg = Debug|Any CPU
		{C92EEC24-62CD-47A0-A5C3-CBA1D94DBEF0}.Debug|Any CPU.Build.0 = Debug|Any CPU
		{C92EEC24-62CD-47A0-A5C3-CBA1D94DBEF0}.Release|Any CPU.ActiveCfg = Release|Any CPU
		{C92EEC24-62CD-47A0-A5C3-CBA1D94DBEF0}.Release|Any CPU.Build.0 = Release|Any CPU
		{D93EEA50-2768-41E7-B077-66DF4CC777FC}.Debug|Any CPU.ActiveCfg = Debug|Any CPU
		{D93EEA50-2768-41E7-B077-66DF4CC777FC}.Debug|Any CPU.Build.0 = Debug|Any CPU
		{D93EEA50-2768-41E7-B077-66DF4CC777FC}.Release|Any CPU.ActiveCfg = Release|Any CPU
		{D93EEA50-2768-41E7-B077-66DF4CC777FC}.Release|Any CPU.Build.0 = Release|Any CPU
		{14F33D85-90CE-47CE-8D6D-18F2F1EF6207}.Debug|Any CPU.ActiveCfg = Debug|Any CPU
		{14F33D85-90CE-47CE-8D6D-18F2F1EF6207}.Debug|Any CPU.Build.0 = Debug|Any CPU
		{14F33D85-90CE-47CE-8D6D-18F2F1EF6207}.Release|Any CPU.ActiveCfg = Release|Any CPU
		{14F33D85-90CE-47CE-8D6D-18F2F1EF6207}.Release|Any CPU.Build.0 = Release|Any CPU
	EndGlobalSection
	GlobalSection(SolutionProperties) = preSolution
		HideSolutionNode = FALSE
	EndGlobalSection
	GlobalSection(NestedProjects) = preSolution
		{E5ED7EEE-CBF3-41B8-AE22-27FB647AA8C7} = {D4B36DAD-8068-4D23-AAD9-1F8FB441091B}
		{AB88A455-40D3-4EC4-A163-DDA19927E10E} = {D4B36DAD-8068-4D23-AAD9-1F8FB441091B}
		{98CE15A8-9240-458B-8C67-18E10C932252} = {AB88A455-40D3-4EC4-A163-DDA19927E10E}
		{0B2D5DD1-F0DF-4F83-86E8-DFA62ACDC742} = {D4B36DAD-8068-4D23-AAD9-1F8FB441091B}
		{33CF94E1-1652-4DDE-876B-2CD43568185B} = {D4B36DAD-8068-4D23-AAD9-1F8FB441091B}
		{249E849D-B665-4F5D-B87D-A112A2584963} = {33CF94E1-1652-4DDE-876B-2CD43568185B}
		{93857438-20FE-447F-A1D5-180C5A659612} = {D4B36DAD-8068-4D23-AAD9-1F8FB441091B}
		{8EE9361B-6BBD-4B93-AD75-894948712F74} = {D4B36DAD-8068-4D23-AAD9-1F8FB441091B}
		{A630274A-779B-460B-8A39-2802DCE1C92C} = {D4B36DAD-8068-4D23-AAD9-1F8FB441091B}
		{19C8D23D-F18D-4009-84FC-C6D38B3B9054} = {D4B36DAD-8068-4D23-AAD9-1F8FB441091B}
		{C1CA7362-0574-467D-94DA-81AE257DF77E} = {D4B36DAD-8068-4D23-AAD9-1F8FB441091B}
		{06C69F85-04A0-40A4-9C9B-3C691D4F326D} = {D4B36DAD-8068-4D23-AAD9-1F8FB441091B}
		{31E64938-8940-4425-8BE8-3BB1F22505C4} = {D4B36DAD-8068-4D23-AAD9-1F8FB441091B}
		{6E0535C6-B310-4AA0-813D-53E28E547E7D} = {D4B36DAD-8068-4D23-AAD9-1F8FB441091B}
		{5427B811-6E7E-4BA3-8369-B7FDA3A8EED1} = {D4B36DAD-8068-4D23-AAD9-1F8FB441091B}
		{D21999AD-97A4-4CD0-B72C-3632A05A3E08} = {5427B811-6E7E-4BA3-8369-B7FDA3A8EED1}
		{70FEFBBB-EFA0-436E-B1C8-FCD8C4706FD2} = {5427B811-6E7E-4BA3-8369-B7FDA3A8EED1}
		{DBD921CA-4582-4E15-B685-75E3DE1B30D3} = {D4B36DAD-8068-4D23-AAD9-1F8FB441091B}
		{923BAC76-A358-4F1B-A260-D9A1DC39361F} = {DDD2DE16-3135-4350-A76A-422CAF366084}
		{DDD2DE16-3135-4350-A76A-422CAF366084} = {D4B36DAD-8068-4D23-AAD9-1F8FB441091B}
		{461CC69B-F7E7-4DE4-B46C-CE984E7531DC} = {DDD2DE16-3135-4350-A76A-422CAF366084}
		{4FABF4EC-76BB-4AE5-8B8C-D5DE066DF919} = {D4B36DAD-8068-4D23-AAD9-1F8FB441091B}
		{A3E7167F-52F4-412B-B52C-B9B790749140} = {D4B36DAD-8068-4D23-AAD9-1F8FB441091B}
		{0232DF00-385E-4168-BF07-B59881D8B5AE} = {D4B36DAD-8068-4D23-AAD9-1F8FB441091B}
		{E24656AF-E976-41F6-B367-8C3F22C11343} = {33CF94E1-1652-4DDE-876B-2CD43568185B}
		{3E2FA816-8ED9-44A1-B452-7705F4796898} = {D4B36DAD-8068-4D23-AAD9-1F8FB441091B}
		{3ADA6015-AA69-4E1F-A250-A9603F08AAF8} = {3E2FA816-8ED9-44A1-B452-7705F4796898}
		{59CFA29B-E730-4383-B4B4-BD0796B35226} = {3E2FA816-8ED9-44A1-B452-7705F4796898}
		{5A5BEC87-189C-4214-862F-CC1C64145CEE} = {D4B36DAD-8068-4D23-AAD9-1F8FB441091B}
		{FB4CC3F6-9628-473C-9A2A-C554D60224D4} = {D4B36DAD-8068-4D23-AAD9-1F8FB441091B}
		{C20C77F7-43E6-4424-95E5-15E4064F978B} = {FB4CC3F6-9628-473C-9A2A-C554D60224D4}
		{F051F10A-B318-4B44-8720-60DF409E3582} = {FB4CC3F6-9628-473C-9A2A-C554D60224D4}
		{292326D5-C015-4BB6-9527-7551334E8C0E} = {D4B36DAD-8068-4D23-AAD9-1F8FB441091B}
		{59F8B7BE-F9BC-44E3-82AB-1DFC734100CE} = {292326D5-C015-4BB6-9527-7551334E8C0E}
		{44DA395D-BA4F-4FF0-8124-675A023E4D89} = {D4B36DAD-8068-4D23-AAD9-1F8FB441091B}
		{5FC66ACA-CCB0-41A2-AB24-BC6E61AA1EF6} = {44DA395D-BA4F-4FF0-8124-675A023E4D89}
		{DD499DF2-E69A-4D9B-9DA1-A271FEECA13F} = {B1A3FDB5-5974-448D-BA39-A588E9040279}
		{B1A3FDB5-5974-448D-BA39-A588E9040279} = {D4B36DAD-8068-4D23-AAD9-1F8FB441091B}
		{4C780C87-BA85-4C28-9417-981053918F30} = {D4B36DAD-8068-4D23-AAD9-1F8FB441091B}
		{C451A679-4908-4795-8813-97738AC0AB79} = {B1A3FDB5-5974-448D-BA39-A588E9040279}
		{AA0FC595-6432-47A5-B65E-E6E0361F6E8C} = {D4B36DAD-8068-4D23-AAD9-1F8FB441091B}
		{BAF7185D-7BD5-4028-B362-45EC53CA189F} = {AA0FC595-6432-47A5-B65E-E6E0361F6E8C}
		{1E397978-850C-4388-84D1-4DB2060513CA} = {AA0FC595-6432-47A5-B65E-E6E0361F6E8C}
		{5737776E-1FD6-44C2-B2DA-27D8AA3BD5AD} = {366BB5AC-3B0C-4A70-A4EC-51AF0BB08CA9}
		{366BB5AC-3B0C-4A70-A4EC-51AF0BB08CA9} = {44DA395D-BA4F-4FF0-8124-675A023E4D89}
		{5883028E-72E1-4A4E-92E8-053FF7DAB9E7} = {366BB5AC-3B0C-4A70-A4EC-51AF0BB08CA9}
		{F2E495AA-842B-45C6-AF9B-E25FB40E7344} = {366BB5AC-3B0C-4A70-A4EC-51AF0BB08CA9}
		{112CC6E2-DE04-4BC9-ADD2-DA8A81BD8046} = {44DA395D-BA4F-4FF0-8124-675A023E4D89}
		{52990786-DBB9-4AE0-AF99-F29D9390F961} = {A7FA322C-E53C-47E8-B6EA-BD5EA3869BED}
		{7056078E-D66E-4F13-8D7E-1C9CA0B20C0F} = {AB88A455-40D3-4EC4-A163-DDA19927E10E}
		{72A528B1-568D-4B24-8DD2-8C4B1F291497} = {D4B36DAD-8068-4D23-AAD9-1F8FB441091B}
		{A7FA322C-E53C-47E8-B6EA-BD5EA3869BED} = {44DA395D-BA4F-4FF0-8124-675A023E4D89}
		{26973712-D673-45EB-86A9-E3B3C1757387} = {65D565D7-E7CE-4351-A17E-CCD87E28DE61}
		{82B23741-8529-47AA-9810-9DBFFC86123F} = {65D565D7-E7CE-4351-A17E-CCD87E28DE61}
		{65D565D7-E7CE-4351-A17E-CCD87E28DE61} = {A7FA322C-E53C-47E8-B6EA-BD5EA3869BED}
		{2ADF8A4D-127F-4B50-A52D-BC7A82224D67} = {A7FA322C-E53C-47E8-B6EA-BD5EA3869BED}
		{9D0B000C-99A9-425B-A353-714F3AD890E7} = {D4B36DAD-8068-4D23-AAD9-1F8FB441091B}
		{E1E35324-8313-4BDB-AE49-DCF376D28460} = {AB88A455-40D3-4EC4-A163-DDA19927E10E}
		{449BD930-0BF5-420A-A6F0-156231384FBE} = {D4B36DAD-8068-4D23-AAD9-1F8FB441091B}
		{24D5AB22-3D09-4E7B-9599-6FD53072589D} = {449BD930-0BF5-420A-A6F0-156231384FBE}
		{3C4CDFE2-FED0-4B8F-80C5-D9AE51DC6E4E} = {B1A3FDB5-5974-448D-BA39-A588E9040279}
		{DDBC38DB-6B5E-4DE3-8D4E-7AA65C410F23} = {449BD930-0BF5-420A-A6F0-156231384FBE}
		{8B58D768-0929-4FF7-8AFC-B64F9343AE46} = {D4B36DAD-8068-4D23-AAD9-1F8FB441091B}
		{93844AA7-2954-4886-A72A-3C3C2C381A0A} = {D4B36DAD-8068-4D23-AAD9-1F8FB441091B}
		{C92EEC24-62CD-47A0-A5C3-CBA1D94DBEF0} = {D4B36DAD-8068-4D23-AAD9-1F8FB441091B}
		{2F3F59A9-6521-410F-B7EB-3E60A0FBF079} = {D4B36DAD-8068-4D23-AAD9-1F8FB441091B}
		{D93EEA50-2768-41E7-B077-66DF4CC777FC} = {2F3F59A9-6521-410F-B7EB-3E60A0FBF079}
		{14F33D85-90CE-47CE-8D6D-18F2F1EF6207} = {2F3F59A9-6521-410F-B7EB-3E60A0FBF079}
	EndGlobalSection
	GlobalSection(ExtensibilityGlobals) = postSolution
		SolutionGuid = {48602363-2BB4-4AA0-AA6B-7E33A138DB2E}
	EndGlobalSection
EndGlobal
